// !$*UTF8*$!
{
	archiveVersion = 1;
	classes = {
	};
	objectVersion = 46;
	objects = {

/* Begin PBXBuildFile section */
		D45EF5C419BEAC3D00B9618E /* Foundation.framework in Frameworks */ = {isa = PBXBuildFile; fileRef = D45EF5C319BEAC3D00B9618E /* Foundation.framework */; };
		D45EF5C619BEAC3D00B9618E /* CoreGraphics.framework in Frameworks */ = {isa = PBXBuildFile; fileRef = D45EF5C519BEAC3D00B9618E /* CoreGraphics.framework */; };
		D45EF5C819BEAC3D00B9618E /* UIKit.framework in Frameworks */ = {isa = PBXBuildFile; fileRef = D45EF5C719BEAC3D00B9618E /* UIKit.framework */; };
		D45EF5CE19BEAC3D00B9618E /* InfoPlist.strings in Resources */ = {isa = PBXBuildFile; fileRef = D45EF5CC19BEAC3D00B9618E /* InfoPlist.strings */; };
		D45EF5D019BEAC3D00B9618E /* main.m in Sources */ = {isa = PBXBuildFile; fileRef = D45EF5CF19BEAC3D00B9618E /* main.m */; };
		D45EF5D419BEAC3D00B9618E /* GIGAppDelegate.m in Sources */ = {isa = PBXBuildFile; fileRef = D45EF5D319BEAC3D00B9618E /* GIGAppDelegate.m */; };
		D45EF5D719BEAC3D00B9618E /* Main.storyboard in Resources */ = {isa = PBXBuildFile; fileRef = D45EF5D519BEAC3D00B9618E /* Main.storyboard */; };
		D45EF5DA19BEAC3D00B9618E /* GIGViewController.m in Sources */ = {isa = PBXBuildFile; fileRef = D45EF5D919BEAC3D00B9618E /* GIGViewController.m */; };
		D45EF5DC19BEAC3D00B9618E /* Images.xcassets in Resources */ = {isa = PBXBuildFile; fileRef = D45EF5DB19BEAC3D00B9618E /* Images.xcassets */; };
		D45EF5E319BEAC3D00B9618E /* XCTest.framework in Frameworks */ = {isa = PBXBuildFile; fileRef = D45EF5E219BEAC3D00B9618E /* XCTest.framework */; };
		D45EF5E419BEAC3D00B9618E /* Foundation.framework in Frameworks */ = {isa = PBXBuildFile; fileRef = D45EF5C319BEAC3D00B9618E /* Foundation.framework */; };
		D45EF5E519BEAC3D00B9618E /* UIKit.framework in Frameworks */ = {isa = PBXBuildFile; fileRef = D45EF5C719BEAC3D00B9618E /* UIKit.framework */; };
		D45EF5ED19BEAC3D00B9618E /* InfoPlist.strings in Resources */ = {isa = PBXBuildFile; fileRef = D45EF5EB19BEAC3D00B9618E /* InfoPlist.strings */; };
		D45EF5EF19BEAC3D00B9618E /* Island_AdventureTests.m in Sources */ = {isa = PBXBuildFile; fileRef = D45EF5EE19BEAC3D00B9618E /* Island_AdventureTests.m */; };
/* End PBXBuildFile section */

/* Begin PBXContainerItemProxy section */
		D45EF5E619BEAC3D00B9618E /* PBXContainerItemProxy */ = {
			isa = PBXContainerItemProxy;
			containerPortal = D45EF5B819BEAC3D00B9618E /* Project object */;
			proxyType = 1;
			remoteGlobalIDString = D45EF5BF19BEAC3D00B9618E;
			remoteInfo = "Island Adventure";
		};
/* End PBXContainerItemProxy section */

/* Begin PBXFileReference section */
		D45EF5C019BEAC3D00B9618E /* Island Adventure.app */ = {isa = PBXFileReference; explicitFileType = wrapper.application; includeInIndex = 0; path = "Island Adventure.app"; sourceTree = BUILT_PRODUCTS_DIR; };
		D45EF5C319BEAC3D00B9618E /* Foundation.framework */ = {isa = PBXFileReference; lastKnownFileType = wrapper.framework; name = Foundation.framework; path = System/Library/Frameworks/Foundation.framework; sourceTree = SDKROOT; };
		D45EF5C519BEAC3D00B9618E /* CoreGraphics.framework */ = {isa = PBXFileReference; lastKnownFileType = wrapper.framework; name = CoreGraphics.framework; path = System/Library/Frameworks/CoreGraphics.framework; sourceTree = SDKROOT; };
		D45EF5C719BEAC3D00B9618E /* UIKit.framework */ = {isa = PBXFileReference; lastKnownFileType = wrapper.framework; name = UIKit.framework; path = System/Library/Frameworks/UIKit.framework; sourceTree = SDKROOT; };
		D45EF5CB19BEAC3D00B9618E /* Island Adventure-Info.plist */ = {isa = PBXFileReference; lastKnownFileType = text.plist.xml; path = "Island Adventure-Info.plist"; sourceTree = "<group>"; };
		D45EF5CD19BEAC3D00B9618E /* en */ = {isa = PBXFileReference; lastKnownFileType = text.plist.strings; name = en; path = en.lproj/InfoPlist.strings; sourceTree = "<group>"; };
		D45EF5CF19BEAC3D00B9618E /* main.m */ = {isa = PBXFileReference; lastKnownFileType = sourcecode.c.objc; path = main.m; sourceTree = "<group>"; };
		D45EF5D119BEAC3D00B9618E /* Island Adventure-Prefix.pch */ = {isa = PBXFileReference; lastKnownFileType = sourcecode.c.h; path = "Island Adventure-Prefix.pch"; sourceTree = "<group>"; };
		D45EF5D219BEAC3D00B9618E /* GIGAppDelegate.h */ = {isa = PBXFileReference; lastKnownFileType = sourcecode.c.h; path = GIGAppDelegate.h; sourceTree = "<group>"; };
		D45EF5D319BEAC3D00B9618E /* GIGAppDelegate.m */ = {isa = PBXFileReference; lastKnownFileType = sourcecode.c.objc; path = GIGAppDelegate.m; sourceTree = "<group>"; };
		D45EF5D619BEAC3D00B9618E /* Base */ = {isa = PBXFileReference; lastKnownFileType = file.storyboard; name = Base; path = Base.lproj/Main.storyboard; sourceTree = "<group>"; };
		D45EF5D819BEAC3D00B9618E /* GIGViewController.h */ = {isa = PBXFileReference; lastKnownFileType = sourcecode.c.h; path = GIGViewController.h; sourceTree = "<group>"; };
		D45EF5D919BEAC3D00B9618E /* GIGViewController.m */ = {isa = PBXFileReference; lastKnownFileType = sourcecode.c.objc; path = GIGViewController.m; sourceTree = "<group>"; };
		D45EF5DB19BEAC3D00B9618E /* Images.xcassets */ = {isa = PBXFileReference; lastKnownFileType = folder.assetcatalog; path = Images.xcassets; sourceTree = "<group>"; };
		D45EF5E119BEAC3D00B9618E /* Island AdventureTests.xctest */ = {isa = PBXFileReference; explicitFileType = wrapper.cfbundle; includeInIndex = 0; path = "Island AdventureTests.xctest"; sourceTree = BUILT_PRODUCTS_DIR; };
		D45EF5E219BEAC3D00B9618E /* XCTest.framework */ = {isa = PBXFileReference; lastKnownFileType = wrapper.framework; name = XCTest.framework; path = Library/Frameworks/XCTest.framework; sourceTree = DEVELOPER_DIR; };
		D45EF5EA19BEAC3D00B9618E /* Island AdventureTests-Info.plist */ = {isa = PBXFileReference; lastKnownFileType = text.plist.xml; path = "Island AdventureTests-Info.plist"; sourceTree = "<group>"; };
		D45EF5EC19BEAC3D00B9618E /* en */ = {isa = PBXFileReference; lastKnownFileType = text.plist.strings; name = en; path = en.lproj/InfoPlist.strings; sourceTree = "<group>"; };
		D45EF5EE19BEAC3D00B9618E /* Island_AdventureTests.m */ = {isa = PBXFileReference; lastKnownFileType = sourcecode.c.objc; path = Island_AdventureTests.m; sourceTree = "<group>"; };
/* End PBXFileReference section */

/* Begin PBXFrameworksBuildPhase section */
		D45EF5BD19BEAC3D00B9618E /* Frameworks */ = {
			isa = PBXFrameworksBuildPhase;
			buildActionMask = 2147483647;
			files = (
				D45EF5C619BEAC3D00B9618E /* CoreGraphics.framework in Frameworks */,
				D45EF5C819BEAC3D00B9618E /* UIKit.framework in Frameworks */,
				D45EF5C419BEAC3D00B9618E /* Foundation.framework in Frameworks */,
			);
			runOnlyForDeploymentPostprocessing = 0;
		};
		D45EF5DE19BEAC3D00B9618E /* Frameworks */ = {
			isa = PBXFrameworksBuildPhase;
			buildActionMask = 2147483647;
			files = (
				D45EF5E319BEAC3D00B9618E /* XCTest.framework in Frameworks */,
				D45EF5E519BEAC3D00B9618E /* UIKit.framework in Frameworks */,
				D45EF5E419BEAC3D00B9618E /* Foundation.framework in Frameworks */,
			);
			runOnlyForDeploymentPostprocessing = 0;
		};
/* End PBXFrameworksBuildPhase section */

/* Begin PBXGroup section */
		D45EF5B719BEAC3D00B9618E = {
			isa = PBXGroup;
			children = (
				D45EF5C919BEAC3D00B9618E /* Island Adventure */,
				D45EF5E819BEAC3D00B9618E /* Island AdventureTests */,
				D45EF5C219BEAC3D00B9618E /* Frameworks */,
				D45EF5C119BEAC3D00B9618E /* Products */,
			);
			sourceTree = "<group>";
		};
		D45EF5C119BEAC3D00B9618E /* Products */ = {
			isa = PBXGroup;
			children = (
				D45EF5C019BEAC3D00B9618E /* Island Adventure.app */,
				D45EF5E119BEAC3D00B9618E /* Island AdventureTests.xctest */,
			);
			name = Products;
			sourceTree = "<group>";
		};
		D45EF5C219BEAC3D00B9618E /* Frameworks */ = {
			isa = PBXGroup;
			children = (
				D45EF5C319BEAC3D00B9618E /* Foundation.framework */,
				D45EF5C519BEAC3D00B9618E /* CoreGraphics.framework */,
				D45EF5C719BEAC3D00B9618E /* UIKit.framework */,
				D45EF5E219BEAC3D00B9618E /* XCTest.framework */,
			);
			name = Frameworks;
			sourceTree = "<group>";
		};
		D45EF5C919BEAC3D00B9618E /* Island Adventure */ = {
			isa = PBXGroup;
			children = (
				D45EF5D219BEAC3D00B9618E /* GIGAppDelegate.h */,
				D45EF5D319BEAC3D00B9618E /* GIGAppDelegate.m */,
				D45EF5D519BEAC3D00B9618E /* Main.storyboard */,
				D45EF5D819BEAC3D00B9618E /* GIGViewController.h */,
				D45EF5D919BEAC3D00B9618E /* GIGViewController.m */,
				D45EF5DB19BEAC3D00B9618E /* Images.xcassets */,
				D45EF5CA19BEAC3D00B9618E /* Supporting Files */,
			);
			path = "Island Adventure";
			sourceTree = "<group>";
		};
		D45EF5CA19BEAC3D00B9618E /* Supporting Files */ = {
			isa = PBXGroup;
			children = (
				D45EF5CB19BEAC3D00B9618E /* Island Adventure-Info.plist */,
				D45EF5CC19BEAC3D00B9618E /* InfoPlist.strings */,
				D45EF5CF19BEAC3D00B9618E /* main.m */,
				D45EF5D119BEAC3D00B9618E /* Island Adventure-Prefix.pch */,
			);
			name = "Supporting Files";
			sourceTree = "<group>";
		};
		D45EF5E819BEAC3D00B9618E /* Island AdventureTests */ = {
			isa = PBXGroup;
			children = (
				D45EF5EE19BEAC3D00B9618E /* Island_AdventureTests.m */,
				D45EF5E919BEAC3D00B9618E /* Supporting Files */,
			);
			path = "Island AdventureTests";
			sourceTree = "<group>";
		};
		D45EF5E919BEAC3D00B9618E /* Supporting Files */ = {
			isa = PBXGroup;
			children = (
				D45EF5EA19BEAC3D00B9618E /* Island AdventureTests-Info.plist */,
				D45EF5EB19BEAC3D00B9618E /* InfoPlist.strings */,
			);
			name = "Supporting Files";
			sourceTree = "<group>";
		};
/* End PBXGroup section */

/* Begin PBXNativeTarget section */
		D45EF5BF19BEAC3D00B9618E /* Island Adventure */ = {
			isa = PBXNativeTarget;
			buildConfigurationList = D45EF5F219BEAC3D00B9618E /* Build configuration list for PBXNativeTarget "Island Adventure" */;
			buildPhases = (
				D45EF5BC19BEAC3D00B9618E /* Sources */,
				D45EF5BD19BEAC3D00B9618E /* Frameworks */,
				D45EF5BE19BEAC3D00B9618E /* Resources */,
			);
			buildRules = (
			);
			dependencies = (
			);
			name = "Island Adventure";
			productName = "Island Adventure";
			productReference = D45EF5C019BEAC3D00B9618E /* Island Adventure.app */;
			productType = "com.apple.product-type.application";
		};
		D45EF5E019BEAC3D00B9618E /* Island AdventureTests */ = {
			isa = PBXNativeTarget;
			buildConfigurationList = D45EF5F519BEAC3D00B9618E /* Build configuration list for PBXNativeTarget "Island AdventureTests" */;
			buildPhases = (
				D45EF5DD19BEAC3D00B9618E /* Sources */,
				D45EF5DE19BEAC3D00B9618E /* Frameworks */,
				D45EF5DF19BEAC3D00B9618E /* Resources */,
			);
			buildRules = (
			);
			dependencies = (
				D45EF5E719BEAC3D00B9618E /* PBXTargetDependency */,
			);
			name = "Island AdventureTests";
			productName = "Island AdventureTests";
			productReference = D45EF5E119BEAC3D00B9618E /* Island AdventureTests.xctest */;
			productType = "com.apple.product-type.bundle.unit-test";
		};
/* End PBXNativeTarget section */

/* Begin PBXProject section */
		D45EF5B819BEAC3D00B9618E /* Project object */ = {
			isa = PBXProject;
			attributes = {
				CLASSPREFIX = GIG;
				LastUpgradeCheck = 0510;
				ORGANIZATIONNAME = "Get IT Going";
				TargetAttributes = {
					D45EF5E019BEAC3D00B9618E = {
						TestTargetID = D45EF5BF19BEAC3D00B9618E;
					};
				};
			};
			buildConfigurationList = D45EF5BB19BEAC3D00B9618E /* Build configuration list for PBXProject "Island Adventure" */;
			compatibilityVersion = "Xcode 3.2";
			developmentRegion = English;
			hasScannedForEncodings = 0;
			knownRegions = (
				en,
				Base,
			);
			mainGroup = D45EF5B719BEAC3D00B9618E;
			productRefGroup = D45EF5C119BEAC3D00B9618E /* Products */;
			projectDirPath = "";
			projectRoot = "";
			targets = (
				D45EF5BF19BEAC3D00B9618E /* Island Adventure */,
				D45EF5E019BEAC3D00B9618E /* Island AdventureTests */,
			);
		};
/* End PBXProject section */

/* Begin PBXResourcesBuildPhase section */
		D45EF5BE19BEAC3D00B9618E /* Resources */ = {
			isa = PBXResourcesBuildPhase;
			buildActionMask = 2147483647;
			files = (
				D45EF5DC19BEAC3D00B9618E /* Images.xcassets in Resources */,
				D45EF5CE19BEAC3D00B9618E /* InfoPlist.strings in Resources */,
				D45EF5D719BEAC3D00B9618E /* Main.storyboard in Resources */,
			);
			runOnlyForDeploymentPostprocessing = 0;
		};
		D45EF5DF19BEAC3D00B9618E /* Resources */ = {
			isa = PBXResourcesBuildPhase;
			buildActionMask = 2147483647;
			files = (
				D45EF5ED19BEAC3D00B9618E /* InfoPlist.strings in Resources */,
			);
			runOnlyForDeploymentPostprocessing = 0;
		};
/* End PBXResourcesBuildPhase section */

/* Begin PBXSourcesBuildPhase section */
		D45EF5BC19BEAC3D00B9618E /* Sources */ = {
			isa = PBXSourcesBuildPhase;
			buildActionMask = 2147483647;
			files = (
				D45EF5DA19BEAC3D00B9618E /* GIGViewController.m in Sources */,
				D45EF5D419BEAC3D00B9618E /* GIGAppDelegate.m in Sources */,
				D45EF5D019BEAC3D00B9618E /* main.m in Sources */,
			);
			runOnlyForDeploymentPostprocessing = 0;
		};
		D45EF5DD19BEAC3D00B9618E /* Sources */ = {
			isa = PBXSourcesBuildPhase;
			buildActionMask = 2147483647;
			files = (
				D45EF5EF19BEAC3D00B9618E /* Island_AdventureTests.m in Sources */,
			);
			runOnlyForDeploymentPostprocessing = 0;
		};
/* End PBXSourcesBuildPhase section */

/* Begin PBXTargetDependency section */
		D45EF5E719BEAC3D00B9618E /* PBXTargetDependency */ = {
			isa = PBXTargetDependency;
			target = D45EF5BF19BEAC3D00B9618E /* Island Adventure */;
			targetProxy = D45EF5E619BEAC3D00B9618E /* PBXContainerItemProxy */;
		};
/* End PBXTargetDependency section */

/* Begin PBXVariantGroup section */
		D45EF5CC19BEAC3D00B9618E /* InfoPlist.strings */ = {
			isa = PBXVariantGroup;
			children = (
				D45EF5CD19BEAC3D00B9618E /* en */,
			);
			name = InfoPlist.strings;
			sourceTree = "<group>";
		};
		D45EF5D519BEAC3D00B9618E /* Main.storyboard */ = {
			isa = PBXVariantGroup;
			children = (
				D45EF5D619BEAC3D00B9618E /* Base */,
			);
			name = Main.storyboard;
			sourceTree = "<group>";
		};
		D45EF5EB19BEAC3D00B9618E /* InfoPlist.strings */ = {
			isa = PBXVariantGroup;
			children = (
				D45EF5EC19BEAC3D00B9618E /* en */,
			);
			name = InfoPlist.strings;
			sourceTree = "<group>";
		};
/* End PBXVariantGroup section */

/* Begin XCBuildConfiguration section */
		D45EF5F019BEAC3D00B9618E /* Debug */ = {
			isa = XCBuildConfiguration;
			buildSettings = {
				ALWAYS_SEARCH_USER_PATHS = NO;
				CLANG_CXX_LANGUAGE_STANDARD = "gnu++0x";
				CLANG_CXX_LIBRARY = "libc++";
				CLANG_ENABLE_MODULES = YES;
				CLANG_ENABLE_OBJC_ARC = YES;
				CLANG_WARN_BOOL_CONVERSION = YES;
				CLANG_WARN_CONSTANT_CONVERSION = YES;
				CLANG_WARN_DIRECT_OBJC_ISA_USAGE = YES_ERROR;
				CLANG_WARN_EMPTY_BODY = YES;
				CLANG_WARN_ENUM_CONVERSION = YES;
				CLANG_WARN_INT_CONVERSION = YES;
				CLANG_WARN_OBJC_ROOT_CLASS = YES_ERROR;
				CLANG_WARN__DUPLICATE_METHOD_MATCH = YES;
				"CODE_SIGN_IDENTITY[sdk=iphoneos*]" = "iPhone Developer";
				COPY_PHASE_STRIP = NO;
				GCC_C_LANGUAGE_STANDARD = gnu99;
				GCC_DYNAMIC_NO_PIC = NO;
				GCC_OPTIMIZATION_LEVEL = 0;
				GCC_PREPROCESSOR_DEFINITIONS = (
					"DEBUG=1",
					"$(inherited)",
				);
				GCC_SYMBOLS_PRIVATE_EXTERN = NO;
				GCC_WARN_64_TO_32_BIT_CONVERSION = YES;
				GCC_WARN_ABOUT_RETURN_TYPE = YES_ERROR;
				GCC_WARN_UNDECLARED_SELECTOR = YES;
				GCC_WARN_UNINITIALIZED_AUTOS = YES_AGGRESSIVE;
				GCC_WARN_UNUSED_FUNCTION = YES;
				GCC_WARN_UNUSED_VARIABLE = YES;
				IPHONEOS_DEPLOYMENT_TARGET = 7.1;
				ONLY_ACTIVE_ARCH = YES;
				SDKROOT = iphoneos;
			};
			name = Debug;
		};
		D45EF5F119BEAC3D00B9618E /* Release */ = {
			isa = XCBuildConfiguration;
			buildSettings = {
				ALWAYS_SEARCH_USER_PATHS = NO;
				CLANG_CXX_LANGUAGE_STANDARD = "gnu++0x";
				CLANG_CXX_LIBRARY = "libc++";
				CLANG_ENABLE_MODULES = YES;
				CLANG_ENABLE_OBJC_ARC = YES;
				CLANG_WARN_BOOL_CONVERSION = YES;
				CLANG_WARN_CONSTANT_CONVERSION = YES;
				CLANG_WARN_DIRECT_OBJC_ISA_USAGE = YES_ERROR;
				CLANG_WARN_EMPTY_BODY = YES;
				CLANG_WARN_ENUM_CONVERSION = YES;
				CLANG_WARN_INT_CONVERSION = YES;
				CLANG_WARN_OBJC_ROOT_CLASS = YES_ERROR;
				CLANG_WARN__DUPLICATE_METHOD_MATCH = YES;
				"CODE_SIGN_IDENTITY[sdk=iphoneos*]" = "iPhone Developer";
				COPY_PHASE_STRIP = YES;
				ENABLE_NS_ASSERTIONS = NO;
				GCC_C_LANGUAGE_STANDARD = gnu99;
				GCC_WARN_64_TO_32_BIT_CONVERSION = YES;
				GCC_WARN_ABOUT_RETURN_TYPE = YES_ERROR;
				GCC_WARN_UNDECLARED_SELECTOR = YES;
				GCC_WARN_UNINITIALIZED_AUTOS = YES_AGGRESSIVE;
				GCC_WARN_UNUSED_FUNCTION = YES;
				GCC_WARN_UNUSED_VARIABLE = YES;
				IPHONEOS_DEPLOYMENT_TARGET = 7.1;
				SDKROOT = iphoneos;
				VALIDATE_PRODUCT = YES;
			};
			name = Release;
		};
		D45EF5F319BEAC3D00B9618E /* Debug */ = {
			isa = XCBuildConfiguration;
			buildSettings = {
				ASSETCATALOG_COMPILER_APPICON_NAME = AppIcon;
				ASSETCATALOG_COMPILER_LAUNCHIMAGE_NAME = LaunchImage;
				GCC_PRECOMPILE_PREFIX_HEADER = YES;
				GCC_PREFIX_HEADER = "Island Adventure/Island Adventure-Prefix.pch";
				INFOPLIST_FILE = "Island Adventure/Island Adventure-Info.plist";
				PRODUCT_NAME = "$(TARGET_NAME)";
				WRAPPER_EXTENSION = app;
			};
			name = Debug;
		};
		D45EF5F419BEAC3D00B9618E /* Release */ = {
			isa = XCBuildConfiguration;
			buildSettings = {
				ASSETCATALOG_COMPILER_APPICON_NAME = AppIcon;
				ASSETCATALOG_COMPILER_LAUNCHIMAGE_NAME = LaunchImage;
				GCC_PRECOMPILE_PREFIX_HEADER = YES;
				GCC_PREFIX_HEADER = "Island Adventure/Island Adventure-Prefix.pch";
				INFOPLIST_FILE = "Island Adventure/Island Adventure-Info.plist";
				PRODUCT_NAME = "$(TARGET_NAME)";
				WRAPPER_EXTENSION = app;
			};
			name = Release;
		};
		D45EF5F619BEAC3D00B9618E /* Debug */ = {
			isa = XCBuildConfiguration;
			buildSettings = {
				BUNDLE_LOADER = "$(BUILT_PRODUCTS_DIR)/Island Adventure.app/Island Adventure";
				FRAMEWORK_SEARCH_PATHS = (
					"$(SDKROOT)/Developer/Library/Frameworks",
					"$(inherited)",
					"$(DEVELOPER_FRAMEWORKS_DIR)",
				);
				GCC_PRECOMPILE_PREFIX_HEADER = YES;
				GCC_PREFIX_HEADER = "Island Adventure/Island Adventure-Prefix.pch";
				GCC_PREPROCESSOR_DEFINITIONS = (
					"DEBUG=1",
					"$(inherited)",
				);
				INFOPLIST_FILE = "Island AdventureTests/Island AdventureTests-Info.plist";
				PRODUCT_NAME = "$(TARGET_NAME)";
				TEST_HOST = "$(BUNDLE_LOADER)";
				WRAPPER_EXTENSION = xctest;
			};
			name = Debug;
		};
		D45EF5F719BEAC3D00B9618E /* Release */ = {
			isa = XCBuildConfiguration;
			buildSettings = {
				BUNDLE_LOADER = "$(BUILT_PRODUCTS_DIR)/Island Adventure.app/Island Adventure";
				FRAMEWORK_SEARCH_PATHS = (
					"$(SDKROOT)/Developer/Library/Frameworks",
					"$(inherited)",
					"$(DEVELOPER_FRAMEWORKS_DIR)",
				);
				GCC_PRECOMPILE_PREFIX_HEADER = YES;
				GCC_PREFIX_HEADER = "Island Adventure/Island Adventure-Prefix.pch";
				INFOPLIST_FILE = "Island AdventureTests/Island AdventureTests-Info.plist";
				PRODUCT_NAME = "$(TARGET_NAME)";
				TEST_HOST = "$(BUNDLE_LOADER)";
				WRAPPER_EXTENSION = xctest;
			};
			name = Release;
		};
/* End XCBuildConfiguration section */

/* Begin XCConfigurationList section */
		D45EF5BB19BEAC3D00B9618E /* Build configuration list for PBXProject "Island Adventure" */ = {
			isa = XCConfigurationList;
			buildConfigurations = (
				D45EF5F019BEAC3D00B9618E /* Debug */,
				D45EF5F119BEAC3D00B9618E /* Release */,
			);
			defaultConfigurationIsVisible = 0;
			defaultConfigurationName = Release;
		};
		D45EF5F219BEAC3D00B9618E /* Build configuration list for PBXNativeTarget "Island Adventure" */ = {
			isa = XCConfigurationList;
			buildConfigurations = (
				D45EF5F319BEAC3D00B9618E /* Debug */,
				D45EF5F419BEAC3D00B9618E /* Release */,
			);
			defaultConfigurationIsVisible = 0;
		};
		D45EF5F519BEAC3D00B9618E /* Build configuration list for PBXNativeTarget "Island AdventureTests" */ = {
			isa = XCConfigurationList;
			buildConfigurations = (
				D45EF5F619BEAC3D00B9618E /* Debug */,
				D45EF5F719BEAC3D00B9618E /* Release */,
			);
			defaultConfigurationIsVisible = 0;
		};
/* End XCConfigurationList section */
	};
	rootObject = D45EF5B819BEAC3D00B9618E /* Project object */;
}
